
Microsoft Visual Studio Solution File, Format Version 12.00
# Visual Studio Version 17
VisualStudioVersion = 17.0.31903.59
MinimumVisualStudioVersion = 10.0.40219.1
Project("{2150E333-8FDC-42A3-9474-1A3956D46DE8}") = "src", "src", "{43119D04-C535-4872-8C69-9F076E8FF8B9}"
EndProject
Project("{FAE04EC0-301F-11D3-BF4B-00C04F79EFBC}") = "RestApi", "src\RestApi\RestApi.csproj", "{11EC4B9E-6796-40D7-939D-275D30E00F80}"
EndProject
Project("{FAE04EC0-301F-11D3-BF4B-00C04F79EFBC}") = "WebSocketApp", "src\WebSocketApp\WebSocketApp.csproj", "{FB99B640-4CA5-4DF7-BC5B-C28AF5C392A5}"
EndProject
Global
	GlobalSection(SolutionConfigurationPlatforms) = preSolution
		Debug|Any CPU = Debug|Any CPU
		Release|Any CPU = Release|Any CPU
	EndGlobalSection
	GlobalSection(SolutionProperties) = preSolution
		HideSolutionNode = FALSE
	EndGlobalSection
	GlobalSection(ProjectConfigurationPlatforms) = postSolution
		{11EC4B9E-6796-40D7-939D-275D30E00F80}.Debug|Any CPU.ActiveCfg = Debug|Any CPU
		{11EC4B9E-6796-40D7-939D-275D30E00F80}.Debug|Any CPU.Build.0 = Debug|Any CPU
		{11EC4B9E-6796-40D7-939D-275D30E00F80}.Release|Any CPU.ActiveCfg = Release|Any CPU
		{11EC4B9E-6796-40D7-939D-275D30E00F80}.Release|Any CPU.Build.0 = Release|Any CPU
		{FB99B640-4CA5-4DF7-BC5B-C28AF5C392A5}.Debug|Any CPU.ActiveCfg = Debug|Any CPU
		{FB99B640-4CA5-4DF7-BC5B-C28AF5C392A5}.Debug|Any CPU.Build.0 = Debug|Any CPU
		{FB99B640-4CA5-4DF7-BC5B-C28AF5C392A5}.Release|Any CPU.ActiveCfg = Release|Any CPU
		{FB99B640-4CA5-4DF7-BC5B-C28AF5C392A5}.Release|Any CPU.Build.0 = Release|Any CPU
	EndGlobalSection
	GlobalSection(NestedProjects) = preSolution
		{11EC4B9E-6796-40D7-939D-275D30E00F80} = {43119D04-C535-4872-8C69-9F076E8FF8B9}
		{FB99B640-4CA5-4DF7-BC5B-C28AF5C392A5} = {43119D04-C535-4872-8C69-9F076E8FF8B9}
	EndGlobalSection
EndGlobal
